
Microsoft Visual Studio Solution File, Format Version 12.00
# Visual Studio Version 17
VisualStudioVersion = 17.5.002.0
MinimumVisualStudioVersion = 10.0.40219.1
Project("{9A19103F-16F7-4668-BE54-9A1E7A4F7556}") = "Vidhyalaya", "Vidhyalaya\Vidhyalaya.csproj", "{60F6C2C1-0742-4D0D-AED5-545DF9C43C79}"
EndProject
Global
	GlobalSection(SolutionConfigurationPlatforms) = preSolution
		Debug|Any CPU = Debug|Any CPU
		Release|Any CPU = Release|Any CPU
	EndGlobalSection
	GlobalSection(ProjectConfigurationPlatforms) = postSolution
		{60F6C2C1-0742-4D0D-AED5-545DF9C43C79}.Debug|Any CPU.ActiveCfg = Debug|Any CPU
		{60F6C2C1-0742-4D0D-AED5-545DF9C43C79}.Debug|Any CPU.Build.0 = Debug|Any CPU
		{60F6C2C1-0742-4D0D-AED5-545DF9C43C79}.Release|Any CPU.ActiveCfg = Release|Any CPU
		{60F6C2C1-0742-4D0D-AED5-545DF9C43C79}.Release|Any CPU.Build.0 = Release|Any CPU
	EndGlobalSection
	GlobalSection(SolutionProperties) = preSolution
		HideSolutionNode = FALSE
	EndGlobalSection
	GlobalSection(ExtensibilityGlobals) = postSolution
		SolutionGuid = {3D2D209E-0D21-4B16-944E-B8D58D464C3F}
	EndGlobalSection
EndGlobal
